
Microsoft Visual Studio Solution File, Format Version 12.00
# Visual Studio 2013
VisualStudioVersion = 12.0.30723.0
MinimumVisualStudioVersion = 10.0.40219.1
Project("{FAE04EC0-301F-11D3-BF4B-00C04F79EFBC}") = "EloFactory_Cassiopeia", "EloFactory_Cassiopeia\EloFactory_Cassiopeia.csproj", "{FD29DE2A-4EE5-434E-B201-006265524757}"
EndProject
Global
	GlobalSection(SolutionConfigurationPlatforms) = preSolution
		Debug|Any CPU = Debug|Any CPU
		Release|Any CPU = Release|Any CPU
	EndGlobalSection
	GlobalSection(ProjectConfigurationPlatforms) = postSolution
		{FD29DE2A-4EE5-434E-B201-006265524757}.Debug|Any CPU.ActiveCfg = Debug|Any CPU
		{FD29DE2A-4EE5-434E-B201-006265524757}.Debug|Any CPU.Build.0 = Debug|Any CPU
		{FD29DE2A-4EE5-434E-B201-006265524757}.Release|Any CPU.ActiveCfg = Release|Any CPU
		{FD29DE2A-4EE5-434E-B201-006265524757}.Release|Any CPU.Build.0 = Release|Any CPU
	EndGlobalSection
	GlobalSection(SolutionProperties) = preSolution
		HideSolutionNode = FALSE
	EndGlobalSection
EndGlobal
